{
    "name": "neutralinojs-vite-vue-ts-template",
    "version": "0.0.0",
    "lockfileVersion": 2,
    "requires": true,
    "packages": {
        "": {
            "name": "neutralinojs-vite-vue-ts-template",
            "version": "0.0.0",
            "license": "MIT",
            "devDependencies": {
                "neutralinojs-types": "^2.0.0"
            }
        },
        "node_modules/neutralinojs-types": {
            "version": "2.0.0",
            "resolved": "https://registry.npmjs.org/neutralinojs-types/-/neutralinojs-types-2.0.0.tgz",
            "integrity": "sha512-HTN9kiJmwIn/OSkNhkh83jeO8u9RBRr1GxgmETE4BdsTui2oMzWSEN4EuL6PBUmtBEnJFSgQNybX8352izQKgQ==",
            "dev": true,
            "peerDependencies": {
                "typescript": "^4.1"
            }
        },
        "node_modules/typescript": {
            "version": "4.9.5",
            "resolved": "https://registry.npmjs.org/typescript/-/typescript-4.9.5.tgz",
            "integrity": "sha512-1FXk9E2Hm+QzZQ7z+McJiHL4NW1F2EzMu9Nq9i3zAaGqibafqYwCVU6WyWAuyQRRzOlxou8xZSyXLEN8oKj24g==",
            "dev": true,
            "peer": true,
            "bin": {
                "tsc": "bin/tsc",
                "tsserver": "bin/tsserver"
            },
            "engines": {
                "node": ">=4.2.0"
            }
        }
    },
    "dependencies": {
        "neutralinojs-types": {
            "version": "2.0.0",
            "resolved": "https://registry.npmjs.org/neutralinojs-types/-/neutralinojs-types-2.0.0.tgz",
            "integrity": "sha512-HTN9kiJmwIn/OSkNhkh83jeO8u9RBRr1GxgmETE4BdsTui2oMzWSEN4EuL6PBUmtBEnJFSgQNybX8352izQKgQ==",
            "dev": true,
            "requires": {}
        },
        "typescript": {
            "version": "4.9.5",
            "resolved": "https://registry.npmjs.org/typescript/-/typescript-4.9.5.tgz",
            "integrity": "sha512-1FXk9E2Hm+QzZQ7z+McJiHL4NW1F2EzMu9Nq9i3zAaGqibafqYwCVU6WyWAuyQRRzOlxou8xZSyXLEN8oKj24g==",
            "dev": true,
            "peer": true
        }
    }
}
